
Microsoft Visual Studio Solution File, Format Version 12.00
# Visual Studio Version 17
VisualStudioVersion = 17.9.34622.214
MinimumVisualStudioVersion = 10.0.40219.1
Project("{9A19103F-16F7-4668-BE54-9A1E7A4F7556}") = "DotNetCore5CRUD", "DotNetCore5CRUD.csproj", "{42CA7390-EFD0-48C1-B9A3-EC279A9652FD}"
EndProject
Global
	GlobalSection(SolutionConfigurationPlatforms) = preSolution
		Debug|Any CPU = Debug|Any CPU
		Release|Any CPU = Release|Any CPU
	EndGlobalSection
	GlobalSection(ProjectConfigurationPlatforms) = postSolution
		{42CA7390-EFD0-48C1-B9A3-EC279A9652FD}.Debug|Any CPU.ActiveCfg = Debug|Any CPU
		{42CA7390-EFD0-48C1-B9A3-EC279A9652FD}.Debug|Any CPU.Build.0 = Debug|Any CPU
		{42CA7390-EFD0-48C1-B9A3-EC279A9652FD}.Release|Any CPU.ActiveCfg = Release|Any CPU
		{42CA7390-EFD0-48C1-B9A3-EC279A9652FD}.Release|Any CPU.Build.0 = Release|Any CPU
	EndGlobalSection
	GlobalSection(SolutionProperties) = preSolution
		HideSolutionNode = FALSE
	EndGlobalSection
	GlobalSection(ExtensibilityGlobals) = postSolution
		SolutionGuid = {7E82E6D1-146E-4EBB-98B0-6863ED3B45DD}
	EndGlobalSection
EndGlobal
